
Microsoft Visual Studio Solution File, Format Version 12.00
# Visual Studio Version 16
VisualStudioVersion = 16.0.30717.126
MinimumVisualStudioVersion = 10.0.40219.1
Project("{FAE04EC0-301F-11D3-BF4B-00C04F79EFBC}") = "Lab22", "Lab22\Lab22.csproj", "{AD14EFFC-EC28-4180-A4F1-A3B57D5AB89D}"
EndProject
Global
	GlobalSection(SolutionConfigurationPlatforms) = preSolution
		Debug|Any CPU = Debug|Any CPU
		Release|Any CPU = Release|Any CPU
	EndGlobalSection
	GlobalSection(ProjectConfigurationPlatforms) = postSolution
		{AD14EFFC-EC28-4180-A4F1-A3B57D5AB89D}.Debug|Any CPU.ActiveCfg = Debug|Any CPU
		{AD14EFFC-EC28-4180-A4F1-A3B57D5AB89D}.Debug|Any CPU.Build.0 = Debug|Any CPU
		{AD14EFFC-EC28-4180-A4F1-A3B57D5AB89D}.Release|Any CPU.ActiveCfg = Release|Any CPU
		{AD14EFFC-EC28-4180-A4F1-A3B57D5AB89D}.Release|Any CPU.Build.0 = Release|Any CPU
	EndGlobalSection
	GlobalSection(SolutionProperties) = preSolution
		HideSolutionNode = FALSE
	EndGlobalSection
	GlobalSection(ExtensibilityGlobals) = postSolution
		SolutionGuid = {2E3238AF-B221-43B5-9E67-DF33F6767251}
	EndGlobalSection
EndGlobal
